// !$*UTF8*$!
{
	archiveVersion = 1;
	classes = {
	};
	objectVersion = 56;
	objects = {

/* Begin PBXBuildFile section */
		3F60E6C72A1A1F7600B69203 /* Secret.swift in Sources */ = {isa = PBXBuildFile; fileRef = 3F60E6C62A1A1F7600B69203 /* Secret.swift */; };
		3FED890A2A18D5B4001D3906 /* OpenAISwift in Frameworks */ = {isa = PBXBuildFile; productRef = 3FED89092A18D5B4001D3906 /* OpenAISwift */; };
		F9080A3A2A16CA8A00A2123B /* Painting.swift in Sources */ = {isa = PBXBuildFile; fileRef = F9080A392A16CA8A00A2123B /* Painting.swift */; };
		F9080A3E2A1791DC00A2123B /* ArtClassifier.mlmodel in Sources */ = {isa = PBXBuildFile; fileRef = F9080A3D2A1791DC00A2123B /* ArtClassifier.mlmodel */; };
		F9080A402A1796CF00A2123B /* Detector.swift in Sources */ = {isa = PBXBuildFile; fileRef = F9080A3F2A1796CF00A2123B /* Detector.swift */; };
		F9080A422A17970900A2123B /* ImagePicker.swift in Sources */ = {isa = PBXBuildFile; fileRef = F9080A412A17970900A2123B /* ImagePicker.swift */; };
		F937088B2A14E43E007A1F25 /* InfoPage.swift in Sources */ = {isa = PBXBuildFile; fileRef = F937088A2A14E43E007A1F25 /* InfoPage.swift */; };
		F9CEF0B22A12A56400119B32 /* ArtDetectiveApp.swift in Sources */ = {isa = PBXBuildFile; fileRef = F9CEF0B12A12A56400119B32 /* ArtDetectiveApp.swift */; };
		F9CEF0B42A12A56400119B32 /* ContentView.swift in Sources */ = {isa = PBXBuildFile; fileRef = F9CEF0B32A12A56400119B32 /* ContentView.swift */; };
		F9CEF0B62A12A56600119B32 /* Assets.xcassets in Resources */ = {isa = PBXBuildFile; fileRef = F9CEF0B52A12A56600119B32 /* Assets.xcassets */; };
		F9CEF0B92A12A56600119B32 /* Preview Assets.xcassets in Resources */ = {isa = PBXBuildFile; fileRef = F9CEF0B82A12A56600119B32 /* Preview Assets.xcassets */; };
		F9CEF0C02A12A5BE00119B32 /* HomeView.swift in Sources */ = {isa = PBXBuildFile; fileRef = F9CEF0BF2A12A5BE00119B32 /* HomeView.swift */; };
		F9CEF0C62A1430DC00119B32 /* CameraView.swift in Sources */ = {isa = PBXBuildFile; fileRef = F9CEF0C52A1430DC00119B32 /* CameraView.swift */; };
/* End PBXBuildFile section */

/* Begin PBXFileReference section */
		3F60E6C62A1A1F7600B69203 /* Secret.swift */ = {isa = PBXFileReference; lastKnownFileType = sourcecode.swift; path = Secret.swift; sourceTree = "<group>"; };
		F9080A392A16CA8A00A2123B /* Painting.swift */ = {isa = PBXFileReference; lastKnownFileType = sourcecode.swift; path = Painting.swift; sourceTree = "<group>"; };
		F9080A3D2A1791DC00A2123B /* ArtClassifier.mlmodel */ = {isa = PBXFileReference; lastKnownFileType = file.mlmodel; path = ArtClassifier.mlmodel; sourceTree = "<group>"; };
		F9080A3F2A1796CF00A2123B /* Detector.swift */ = {isa = PBXFileReference; lastKnownFileType = sourcecode.swift; path = Detector.swift; sourceTree = "<group>"; };
		F9080A412A17970900A2123B /* ImagePicker.swift */ = {isa = PBXFileReference; lastKnownFileType = sourcecode.swift; path = ImagePicker.swift; sourceTree = "<group>"; };
		F937088A2A14E43E007A1F25 /* InfoPage.swift */ = {isa = PBXFileReference; lastKnownFileType = sourcecode.swift; path = InfoPage.swift; sourceTree = "<group>"; };
		F9CEF0AE2A12A56400119B32 /* ArtDetective.app */ = {isa = PBXFileReference; explicitFileType = wrapper.application; includeInIndex = 0; path = ArtDetective.app; sourceTree = BUILT_PRODUCTS_DIR; };
		F9CEF0B12A12A56400119B32 /* ArtDetectiveApp.swift */ = {isa = PBXFileReference; lastKnownFileType = sourcecode.swift; path = ArtDetectiveApp.swift; sourceTree = "<group>"; };
		F9CEF0B32A12A56400119B32 /* ContentView.swift */ = {isa = PBXFileReference; lastKnownFileType = sourcecode.swift; path = ContentView.swift; sourceTree = "<group>"; };
		F9CEF0B52A12A56600119B32 /* Assets.xcassets */ = {isa = PBXFileReference; lastKnownFileType = folder.assetcatalog; path = Assets.xcassets; sourceTree = "<group>"; };
		F9CEF0B82A12A56600119B32 /* Preview Assets.xcassets */ = {isa = PBXFileReference; lastKnownFileType = folder.assetcatalog; path = "Preview Assets.xcassets"; sourceTree = "<group>"; };
		F9CEF0BF2A12A5BE00119B32 /* HomeView.swift */ = {isa = PBXFileReference; lastKnownFileType = sourcecode.swift; path = HomeView.swift; sourceTree = "<group>"; };
		F9CEF0C52A1430DC00119B32 /* CameraView.swift */ = {isa = PBXFileReference; lastKnownFileType = sourcecode.swift; path = CameraView.swift; sourceTree = "<group>"; };
/* End PBXFileReference section */

/* Begin PBXFrameworksBuildPhase section */
		F9CEF0AB2A12A56400119B32 /* Frameworks */ = {
			isa = PBXFrameworksBuildPhase;
			buildActionMask = 2147483647;
			files = (
				3FED890A2A18D5B4001D3906 /* OpenAISwift in Frameworks */,
			);
			runOnlyForDeploymentPostprocessing = 0;
		};
/* End PBXFrameworksBuildPhase section */

/* Begin PBXGroup section */
		F9080A382A16CA5700A2123B /* Views */ = {
			isa = PBXGroup;
			children = (
				F9CEF0BF2A12A5BE00119B32 /* HomeView.swift */,
				F9CEF0C52A1430DC00119B32 /* CameraView.swift */,
				F937088A2A14E43E007A1F25 /* InfoPage.swift */,
			);
			path = Views;
			sourceTree = "<group>";
		};
		F9080A432A17971000A2123B /* Models */ = {
			isa = PBXGroup;
			children = (
				F9080A392A16CA8A00A2123B /* Painting.swift */,
				F9080A3F2A1796CF00A2123B /* Detector.swift */,
				F9080A412A17970900A2123B /* ImagePicker.swift */,
			);
			path = Models;
			sourceTree = "<group>";
		};
		F9CEF0A52A12A56400119B32 = {
			isa = PBXGroup;
			children = (
				F9CEF0B02A12A56400119B32 /* ArtDetective */,
				F9CEF0AF2A12A56400119B32 /* Products */,
			);
			sourceTree = "<group>";
		};
		F9CEF0AF2A12A56400119B32 /* Products */ = {
			isa = PBXGroup;
			children = (
				F9CEF0AE2A12A56400119B32 /* ArtDetective.app */,
			);
			name = Products;
			sourceTree = "<group>";
		};
		F9CEF0B02A12A56400119B32 /* ArtDetective */ = {
			isa = PBXGroup;
			children = (
				F9080A3D2A1791DC00A2123B /* ArtClassifier.mlmodel */,
				F9CEF0B12A12A56400119B32 /* ArtDetectiveApp.swift */,
				F9CEF0B32A12A56400119B32 /* ContentView.swift */,
				F9CEF0B52A12A56600119B32 /* Assets.xcassets */,
				F9CEF0B72A12A56600119B32 /* Preview Content */,
				F9080A382A16CA5700A2123B /* Views */,
				F9080A432A17971000A2123B /* Models */,
				3F60E6C62A1A1F7600B69203 /* Secret.swift */,
			);
			path = ArtDetective;
			sourceTree = "<group>";
		};
		F9CEF0B72A12A56600119B32 /* Preview Content */ = {
			isa = PBXGroup;
			children = (
				F9CEF0B82A12A56600119B32 /* Preview Assets.xcassets */,
			);
			path = "Preview Content";
			sourceTree = "<group>";
		};
/* End PBXGroup section */

/* Begin PBXNativeTarget section */
		F9CEF0AD2A12A56400119B32 /* ArtDetective */ = {
			isa = PBXNativeTarget;
			buildConfigurationList = F9CEF0BC2A12A56600119B32 /* Build configuration list for PBXNativeTarget "ArtDetective" */;
			buildPhases = (
				F9CEF0AA2A12A56400119B32 /* Sources */,
				F9CEF0AB2A12A56400119B32 /* Frameworks */,
				F9CEF0AC2A12A56400119B32 /* Resources */,
			);
			buildRules = (
			);
			dependencies = (
			);
			name = ArtDetective;
			packageProductDependencies = (
				3FED89092A18D5B4001D3906 /* OpenAISwift */,
			);
			productName = ArtDetective;
			productReference = F9CEF0AE2A12A56400119B32 /* ArtDetective.app */;
			productType = "com.apple.product-type.application";
		};
/* End PBXNativeTarget section */

/* Begin PBXProject section */
		F9CEF0A62A12A56400119B32 /* Project object */ = {
			isa = PBXProject;
			attributes = {
				BuildIndependentTargetsInParallel = 1;
				LastSwiftUpdateCheck = 1430;
				LastUpgradeCheck = 1430;
				TargetAttributes = {
					F9CEF0AD2A12A56400119B32 = {
						CreatedOnToolsVersion = 14.3;
					};
				};
			};
			buildConfigurationList = F9CEF0A92A12A56400119B32 /* Build configuration list for PBXProject "ArtDetective" */;
			compatibilityVersion = "Xcode 14.0";
			developmentRegion = en;
			hasScannedForEncodings = 0;
			knownRegions = (
				en,
				Base,
			);
			mainGroup = F9CEF0A52A12A56400119B32;
			packageReferences = (
				3FED89082A18D5B4001D3906 /* XCRemoteSwiftPackageReference "OpenAISwift" */,
			);
			productRefGroup = F9CEF0AF2A12A56400119B32 /* Products */;
			projectDirPath = "";
			projectRoot = "";
			targets = (
				F9CEF0AD2A12A56400119B32 /* ArtDetective */,
			);
		};
/* End PBXProject section */

/* Begin PBXResourcesBuildPhase section */
		F9CEF0AC2A12A56400119B32 /* Resources */ = {
			isa = PBXResourcesBuildPhase;
			buildActionMask = 2147483647;
			files = (
				F9CEF0B92A12A56600119B32 /* Preview Assets.xcassets in Resources */,
				F9CEF0B62A12A56600119B32 /* Assets.xcassets in Resources */,
			);
			runOnlyForDeploymentPostprocessing = 0;
		};
/* End PBXResourcesBuildPhase section */

/* Begin PBXSourcesBuildPhase section */
		F9CEF0AA2A12A56400119B32 /* Sources */ = {
			isa = PBXSourcesBuildPhase;
			buildActionMask = 2147483647;
			files = (
				F937088B2A14E43E007A1F25 /* InfoPage.swift in Sources */,
				F9CEF0C02A12A5BE00119B32 /* HomeView.swift in Sources */,
				F9080A3E2A1791DC00A2123B /* ArtClassifier.mlmodel in Sources */,
				F9080A422A17970900A2123B /* ImagePicker.swift in Sources */,
				3F60E6C72A1A1F7600B69203 /* Secret.swift in Sources */,
				F9080A402A1796CF00A2123B /* Detector.swift in Sources */,
				F9CEF0B42A12A56400119B32 /* ContentView.swift in Sources */,
				F9080A3A2A16CA8A00A2123B /* Painting.swift in Sources */,
				F9CEF0B22A12A56400119B32 /* ArtDetectiveApp.swift in Sources */,
				F9CEF0C62A1430DC00119B32 /* CameraView.swift in Sources */,
			);
			runOnlyForDeploymentPostprocessing = 0;
		};
/* End PBXSourcesBuildPhase section */

/* Begin XCBuildConfiguration section */
		F9CEF0BA2A12A56600119B32 /* Debug */ = {
			isa = XCBuildConfiguration;
			buildSettings = {
				ALWAYS_SEARCH_USER_PATHS = NO;
				CLANG_ANALYZER_NONNULL = YES;
				CLANG_ANALYZER_NUMBER_OBJECT_CONVERSION = YES_AGGRESSIVE;
				CLANG_CXX_LANGUAGE_STANDARD = "gnu++20";
				CLANG_ENABLE_MODULES = YES;
				CLANG_ENABLE_OBJC_ARC = YES;
				CLANG_ENABLE_OBJC_WEAK = YES;
				CLANG_WARN_BLOCK_CAPTURE_AUTORELEASING = YES;
				CLANG_WARN_BOOL_CONVERSION = YES;
				CLANG_WARN_COMMA = YES;
				CLANG_WARN_CONSTANT_CONVERSION = YES;
				CLANG_WARN_DEPRECATED_OBJC_IMPLEMENTATIONS = YES;
				CLANG_WARN_DIRECT_OBJC_ISA_USAGE = YES_ERROR;
				CLANG_WARN_DOCUMENTATION_COMMENTS = YES;
				CLANG_WARN_EMPTY_BODY = YES;
				CLANG_WARN_ENUM_CONVERSION = YES;
				CLANG_WARN_INFINITE_RECURSION = YES;
				CLANG_WARN_INT_CONVERSION = YES;
				CLANG_WARN_NON_LITERAL_NULL_CONVERSION = YES;
				CLANG_WARN_OBJC_IMPLICIT_RETAIN_SELF = YES;
				CLANG_WARN_OBJC_LITERAL_CONVERSION = YES;
				CLANG_WARN_OBJC_ROOT_CLASS = YES_ERROR;
				CLANG_WARN_QUOTED_INCLUDE_IN_FRAMEWORK_HEADER = YES;
				CLANG_WARN_RANGE_LOOP_ANALYSIS = YES;
				CLANG_WARN_STRICT_PROTOTYPES = YES;
				CLANG_WARN_SUSPICIOUS_MOVE = YES;
				CLANG_WARN_UNGUARDED_AVAILABILITY = YES_AGGRESSIVE;
				CLANG_WARN_UNREACHABLE_CODE = YES;
				CLANG_WARN__DUPLICATE_METHOD_MATCH = YES;
				COPY_PHASE_STRIP = NO;
				DEBUG_INFORMATION_FORMAT = dwarf;
				ENABLE_STRICT_OBJC_MSGSEND = YES;
				ENABLE_TESTABILITY = YES;
				GCC_C_LANGUAGE_STANDARD = gnu11;
				GCC_DYNAMIC_NO_PIC = NO;
				GCC_NO_COMMON_BLOCKS = YES;
				GCC_OPTIMIZATION_LEVEL = 0;
				GCC_PREPROCESSOR_DEFINITIONS = (
					"DEBUG=1",
					"$(inherited)",
				);
				GCC_WARN_64_TO_32_BIT_CONVERSION = YES;
				GCC_WARN_ABOUT_RETURN_TYPE = YES_ERROR;
				GCC_WARN_UNDECLARED_SELECTOR = YES;
				GCC_WARN_UNINITIALIZED_AUTOS = YES_AGGRESSIVE;
				GCC_WARN_UNUSED_FUNCTION = YES;
				GCC_WARN_UNUSED_VARIABLE = YES;
				IPHONEOS_DEPLOYMENT_TARGET = 16.4;
				MTL_ENABLE_DEBUG_INFO = INCLUDE_SOURCE;
				MTL_FAST_MATH = YES;
				ONLY_ACTIVE_ARCH = YES;
				SDKROOT = iphoneos;
				SWIFT_ACTIVE_COMPILATION_CONDITIONS = DEBUG;
				SWIFT_OPTIMIZATION_LEVEL = "-Onone";
			};
			name = Debug;
		};
		F9CEF0BB2A12A56600119B32 /* Release */ = {
			isa = XCBuildConfiguration;
			buildSettings = {
				ALWAYS_SEARCH_USER_PATHS = NO;
				CLANG_ANALYZER_NONNULL = YES;
				CLANG_ANALYZER_NUMBER_OBJECT_CONVERSION = YES_AGGRESSIVE;
				CLANG_CXX_LANGUAGE_STANDARD = "gnu++20";
				CLANG_ENABLE_MODULES = YES;
				CLANG_ENABLE_OBJC_ARC = YES;
				CLANG_ENABLE_OBJC_WEAK = YES;
				CLANG_WARN_BLOCK_CAPTURE_AUTORELEASING = YES;
				CLANG_WARN_BOOL_CONVERSION = YES;
				CLANG_WARN_COMMA = YES;
				CLANG_WARN_CONSTANT_CONVERSION = YES;
				CLANG_WARN_DEPRECATED_OBJC_IMPLEMENTATIONS = YES;
				CLANG_WARN_DIRECT_OBJC_ISA_USAGE = YES_ERROR;
				CLANG_WARN_DOCUMENTATION_COMMENTS = YES;
				CLANG_WARN_EMPTY_BODY = YES;
				CLANG_WARN_ENUM_CONVERSION = YES;
				CLANG_WARN_INFINITE_RECURSION = YES;
				CLANG_WARN_INT_CONVERSION = YES;
				CLANG_WARN_NON_LITERAL_NULL_CONVERSION = YES;
				CLANG_WARN_OBJC_IMPLICIT_RETAIN_SELF = YES;
				CLANG_WARN_OBJC_LITERAL_CONVERSION = YES;
				CLANG_WARN_OBJC_ROOT_CLASS = YES_ERROR;
				CLANG_WARN_QUOTED_INCLUDE_IN_FRAMEWORK_HEADER = YES;
				CLANG_WARN_RANGE_LOOP_ANALYSIS = YES;
				CLANG_WARN_STRICT_PROTOTYPES = YES;
				CLANG_WARN_SUSPICIOUS_MOVE = YES;
				CLANG_WARN_UNGUARDED_AVAILABILITY = YES_AGGRESSIVE;
				CLANG_WARN_UNREACHABLE_CODE = YES;
				CLANG_WARN__DUPLICATE_METHOD_MATCH = YES;
				COPY_PHASE_STRIP = NO;
				DEBUG_INFORMATION_FORMAT = "dwarf-with-dsym";
				ENABLE_NS_ASSERTIONS = NO;
				ENABLE_STRICT_OBJC_MSGSEND = YES;
				GCC_C_LANGUAGE_STANDARD = gnu11;
				GCC_NO_COMMON_BLOCKS = YES;
				GCC_WARN_64_TO_32_BIT_CONVERSION = YES;
				GCC_WARN_ABOUT_RETURN_TYPE = YES_ERROR;
				GCC_WARN_UNDECLARED_SELECTOR = YES;
				GCC_WARN_UNINITIALIZED_AUTOS = YES_AGGRESSIVE;
				GCC_WARN_UNUSED_FUNCTION = YES;
				GCC_WARN_UNUSED_VARIABLE = YES;
				IPHONEOS_DEPLOYMENT_TARGET = 16.4;
				MTL_ENABLE_DEBUG_INFO = NO;
				MTL_FAST_MATH = YES;
				SDKROOT = iphoneos;
				SWIFT_COMPILATION_MODE = wholemodule;
				SWIFT_OPTIMIZATION_LEVEL = "-O";
				VALIDATE_PRODUCT = YES;
			};
			name = Release;
		};
		F9CEF0BD2A12A56600119B32 /* Debug */ = {
			isa = XCBuildConfiguration;
			buildSettings = {
				ASSETCATALOG_COMPILER_APPICON_NAME = AppIcon;
				ASSETCATALOG_COMPILER_GLOBAL_ACCENT_COLOR_NAME = AccentColor;
				CODE_SIGN_STYLE = Automatic;
				CURRENT_PROJECT_VERSION = 1;
				DEVELOPMENT_ASSET_PATHS = "\"ArtDetective/Preview Content\"";
				DEVELOPMENT_TEAM = 4DU4YJ8HLU;
				ENABLE_PREVIEWS = YES;
				GENERATE_INFOPLIST_FILE = YES;
				INFOPLIST_KEY_NSCameraUsageDescription = "";
				INFOPLIST_KEY_NSPhotoLibraryUsageDescription = "";
				INFOPLIST_KEY_UIApplicationSceneManifest_Generation = YES;
				INFOPLIST_KEY_UIApplicationSupportsIndirectInputEvents = YES;
				INFOPLIST_KEY_UILaunchScreen_Generation = YES;
				INFOPLIST_KEY_UISupportedInterfaceOrientations_iPad = "UIInterfaceOrientationPortrait UIInterfaceOrientationPortraitUpsideDown UIInterfaceOrientationLandscapeLeft UIInterfaceOrientationLandscapeRight";
				INFOPLIST_KEY_UISupportedInterfaceOrientations_iPhone = "UIInterfaceOrientationPortrait UIInterfaceOrientationLandscapeLeft UIInterfaceOrientationLandscapeRight";
				IPHONEOS_DEPLOYMENT_TARGET = 16.2;
				LD_RUNPATH_SEARCH_PATHS = (
					"$(inherited)",
					"@executable_path/Frameworks",
				);
				MARKETING_VERSION = 1.0;
				PRODUCT_BUNDLE_IDENTIFIER = com.example.ArtDetective;
				PRODUCT_NAME = "$(TARGET_NAME)";
				SWIFT_EMIT_LOC_STRINGS = YES;
				SWIFT_VERSION = 5.0;
				TARGETED_DEVICE_FAMILY = "1,2";
			};
			name = Debug;
		};
		F9CEF0BE2A12A56600119B32 /* Release */ = {
			isa = XCBuildConfiguration;
			buildSettings = {
				ASSETCATALOG_COMPILER_APPICON_NAME = AppIcon;
				ASSETCATALOG_COMPILER_GLOBAL_ACCENT_COLOR_NAME = AccentColor;
				CODE_SIGN_STYLE = Automatic;
				CURRENT_PROJECT_VERSION = 1;
				DEVELOPMENT_ASSET_PATHS = "\"ArtDetective/Preview Content\"";
				DEVELOPMENT_TEAM = 4DU4YJ8HLU;
				ENABLE_PREVIEWS = YES;
				GENERATE_INFOPLIST_FILE = YES;
				INFOPLIST_KEY_NSCameraUsageDescription = "";
				INFOPLIST_KEY_NSPhotoLibraryUsageDescription = "";
				INFOPLIST_KEY_UIApplicationSceneManifest_Generation = YES;
				INFOPLIST_KEY_UIApplicationSupportsIndirectInputEvents = YES;
				INFOPLIST_KEY_UILaunchScreen_Generation = YES;
				INFOPLIST_KEY_UISupportedInterfaceOrientations_iPad = "UIInterfaceOrientationPortrait UIInterfaceOrientationPortraitUpsideDown UIInterfaceOrientationLandscapeLeft UIInterfaceOrientationLandscapeRight";
				INFOPLIST_KEY_UISupportedInterfaceOrientations_iPhone = "UIInterfaceOrientationPortrait UIInterfaceOrientationLandscapeLeft UIInterfaceOrientationLandscapeRight";
				IPHONEOS_DEPLOYMENT_TARGET = 16.2;
				LD_RUNPATH_SEARCH_PATHS = (
					"$(inherited)",
					"@executable_path/Frameworks",
				);
				MARKETING_VERSION = 1.0;
				PRODUCT_BUNDLE_IDENTIFIER = com.example.ArtDetective;
				PRODUCT_NAME = "$(TARGET_NAME)";
				SWIFT_EMIT_LOC_STRINGS = YES;
				SWIFT_VERSION = 5.0;
				TARGETED_DEVICE_FAMILY = "1,2";
			};
			name = Release;
		};
/* End XCBuildConfiguration section */

/* Begin XCConfigurationList section */
		F9CEF0A92A12A56400119B32 /* Build configuration list for PBXProject "ArtDetective" */ = {
			isa = XCConfigurationList;
			buildConfigurations = (
				F9CEF0BA2A12A56600119B32 /* Debug */,
				F9CEF0BB2A12A56600119B32 /* Release */,
			);
			defaultConfigurationIsVisible = 0;
			defaultConfigurationName = Release;
		};
		F9CEF0BC2A12A56600119B32 /* Build configuration list for PBXNativeTarget "ArtDetective" */ = {
			isa = XCConfigurationList;
			buildConfigurations = (
				F9CEF0BD2A12A56600119B32 /* Debug */,
				F9CEF0BE2A12A56600119B32 /* Release */,
			);
			defaultConfigurationIsVisible = 0;
			defaultConfigurationName = Release;
		};
/* End XCConfigurationList section */

/* Begin XCRemoteSwiftPackageReference section */
		3FED89082A18D5B4001D3906 /* XCRemoteSwiftPackageReference "OpenAISwift" */ = {
			isa = XCRemoteSwiftPackageReference;
			repositoryURL = "https://github.com/adamrushy/OpenAISwift";
			requirement = {
				kind = upToNextMajorVersion;
				minimumVersion = 1.0.0;
			};
		};
/* End XCRemoteSwiftPackageReference section */

/* Begin XCSwiftPackageProductDependency section */
		3FED89092A18D5B4001D3906 /* OpenAISwift */ = {
			isa = XCSwiftPackageProductDependency;
			package = 3FED89082A18D5B4001D3906 /* XCRemoteSwiftPackageReference "OpenAISwift" */;
			productName = OpenAISwift;
		};
/* End XCSwiftPackageProductDependency section */
	};
	rootObject = F9CEF0A62A12A56400119B32 /* Project object */;
}
